
Microsoft Visual Studio Solution File, Format Version 12.00
# Visual Studio 15
VisualStudioVersion = 15.0.28307.421
MinimumVisualStudioVersion = 10.0.40219.1
Project("{FAE04EC0-301F-11D3-BF4B-00C04F79EFBC}") = "MyMusicPlayer", "MyMusicPlayer\MyMusicPlayer.csproj", "{A2EA4C5A-6B24-4EC9-9150-E4761E2D778B}"
EndProject
Global
	GlobalSection(SolutionConfigurationPlatforms) = preSolution
		Debug|Any CPU = Debug|Any CPU
		Release|Any CPU = Release|Any CPU
	EndGlobalSection
	GlobalSection(ProjectConfigurationPlatforms) = postSolution
		{A2EA4C5A-6B24-4EC9-9150-E4761E2D778B}.Debug|Any CPU.ActiveCfg = Debug|Any CPU
		{A2EA4C5A-6B24-4EC9-9150-E4761E2D778B}.Debug|Any CPU.Build.0 = Debug|Any CPU
		{A2EA4C5A-6B24-4EC9-9150-E4761E2D778B}.Release|Any CPU.ActiveCfg = Release|Any CPU
		{A2EA4C5A-6B24-4EC9-9150-E4761E2D778B}.Release|Any CPU.Build.0 = Release|Any CPU
	EndGlobalSection
	GlobalSection(SolutionProperties) = preSolution
		HideSolutionNode = FALSE
	EndGlobalSection
	GlobalSection(ExtensibilityGlobals) = postSolution
		SolutionGuid = {A01D9E67-5CBF-496A-9F98-35FA58649D2D}
	EndGlobalSection
EndGlobal
