
Microsoft Visual Studio Solution File, Format Version 12.00
# Visual Studio 15
VisualStudioVersion = 15.0.28307.421
MinimumVisualStudioVersion = 10.0.40219.1
Project("{FAE04EC0-301F-11D3-BF4B-00C04F79EFBC}") = "MyWebBrowser", "MyWebBrowser\MyWebBrowser.csproj", "{34FA4225-658B-45BF-AFE9-15E0B108CF26}"
EndProject
Global
	GlobalSection(SolutionConfigurationPlatforms) = preSolution
		Debug|Any CPU = Debug|Any CPU
		Release|Any CPU = Release|Any CPU
	EndGlobalSection
	GlobalSection(ProjectConfigurationPlatforms) = postSolution
		{34FA4225-658B-45BF-AFE9-15E0B108CF26}.Debug|Any CPU.ActiveCfg = Debug|Any CPU
		{34FA4225-658B-45BF-AFE9-15E0B108CF26}.Debug|Any CPU.Build.0 = Debug|Any CPU
		{34FA4225-658B-45BF-AFE9-15E0B108CF26}.Release|Any CPU.ActiveCfg = Release|Any CPU
		{34FA4225-658B-45BF-AFE9-15E0B108CF26}.Release|Any CPU.Build.0 = Release|Any CPU
	EndGlobalSection
	GlobalSection(SolutionProperties) = preSolution
		HideSolutionNode = FALSE
	EndGlobalSection
	GlobalSection(ExtensibilityGlobals) = postSolution
		SolutionGuid = {F9E1FAE7-613B-497C-9B08-1905D76F8BD7}
	EndGlobalSection
EndGlobal
