
Microsoft Visual Studio Solution File, Format Version 12.00
# Visual Studio 15
VisualStudioVersion = 15.0.28307.421
MinimumVisualStudioVersion = 10.0.40219.1
Project("{FAE04EC0-301F-11D3-BF4B-00C04F79EFBC}") = "MyDigitalCalendar", "MyDigitalCalendar\MyDigitalCalendar.csproj", "{A16FF94B-B2CF-4AE6-A5A6-8EA2319AB6F3}"
EndProject
Global
	GlobalSection(SolutionConfigurationPlatforms) = preSolution
		Debug|Any CPU = Debug|Any CPU
		Release|Any CPU = Release|Any CPU
	EndGlobalSection
	GlobalSection(ProjectConfigurationPlatforms) = postSolution
		{A16FF94B-B2CF-4AE6-A5A6-8EA2319AB6F3}.Debug|Any CPU.ActiveCfg = Debug|Any CPU
		{A16FF94B-B2CF-4AE6-A5A6-8EA2319AB6F3}.Debug|Any CPU.Build.0 = Debug|Any CPU
		{A16FF94B-B2CF-4AE6-A5A6-8EA2319AB6F3}.Release|Any CPU.ActiveCfg = Release|Any CPU
		{A16FF94B-B2CF-4AE6-A5A6-8EA2319AB6F3}.Release|Any CPU.Build.0 = Release|Any CPU
	EndGlobalSection
	GlobalSection(SolutionProperties) = preSolution
		HideSolutionNode = FALSE
	EndGlobalSection
	GlobalSection(ExtensibilityGlobals) = postSolution
		SolutionGuid = {763B7A28-E66A-4348-B482-95DE57310D1D}
	EndGlobalSection
EndGlobal
