
Microsoft Visual Studio Solution File, Format Version 12.00
# Visual Studio 15
VisualStudioVersion = 15.0.28307.421
MinimumVisualStudioVersion = 10.0.40219.1
Project("{FAE04EC0-301F-11D3-BF4B-00C04F79EFBC}") = "MyScreenSaver", "MyScreenSaver\MyScreenSaver.csproj", "{BAC4C344-51DD-4297-8E2B-2BB142E05303}"
EndProject
Global
	GlobalSection(SolutionConfigurationPlatforms) = preSolution
		Debug|Any CPU = Debug|Any CPU
		Release|Any CPU = Release|Any CPU
	EndGlobalSection
	GlobalSection(ProjectConfigurationPlatforms) = postSolution
		{BAC4C344-51DD-4297-8E2B-2BB142E05303}.Debug|Any CPU.ActiveCfg = Debug|Any CPU
		{BAC4C344-51DD-4297-8E2B-2BB142E05303}.Debug|Any CPU.Build.0 = Debug|Any CPU
		{BAC4C344-51DD-4297-8E2B-2BB142E05303}.Release|Any CPU.ActiveCfg = Release|Any CPU
		{BAC4C344-51DD-4297-8E2B-2BB142E05303}.Release|Any CPU.Build.0 = Release|Any CPU
	EndGlobalSection
	GlobalSection(SolutionProperties) = preSolution
		HideSolutionNode = FALSE
	EndGlobalSection
	GlobalSection(ExtensibilityGlobals) = postSolution
		SolutionGuid = {67F63CE5-7FE5-4825-AC86-CAB549CEF501}
	EndGlobalSection
EndGlobal
